
Microsoft Visual Studio Solution File, Format Version 12.00
# Visual Studio 15
VisualStudioVersion = 15.0.26730.16
MinimumVisualStudioVersion = 10.0.40219.1
Project("{FAE04EC0-301F-11D3-BF4B-00C04F79EFBC}") = "DllHell", "DllHell\DllHell.csproj", "{4D510D67-45B1-4E29-BE16-97F3789DBA8C}"
EndProject
Project("{9A19103F-16F7-4668-BE54-9A1E7A4F7556}") = "ClassLibrary1", "ClassLibrary1\ClassLibrary1.csproj", "{35BA0D8E-12C4-4195-8535-B56BA1FAE7E9}"
EndProject
Project("{2150E333-8FDC-42A3-9474-1A3956D46DE8}") = "Solution Items", "Solution Items", "{35C1AEB5-1E29-4934-9E52-249E9F5B72DE}"
	ProjectSection(SolutionItems) = preProject
		.gitignore = .gitignore
	EndProjectSection
EndProject
Global
	GlobalSection(SolutionConfigurationPlatforms) = preSolution
		Debug|Any CPU = Debug|Any CPU
		Release|Any CPU = Release|Any CPU
	EndGlobalSection
	GlobalSection(ProjectConfigurationPlatforms) = postSolution
		{4D510D67-45B1-4E29-BE16-97F3789DBA8C}.Debug|Any CPU.ActiveCfg = Debug|Any CPU
		{4D510D67-45B1-4E29-BE16-97F3789DBA8C}.Debug|Any CPU.Build.0 = Debug|Any CPU
		{4D510D67-45B1-4E29-BE16-97F3789DBA8C}.Release|Any CPU.ActiveCfg = Release|Any CPU
		{4D510D67-45B1-4E29-BE16-97F3789DBA8C}.Release|Any CPU.Build.0 = Release|Any CPU
		{35BA0D8E-12C4-4195-8535-B56BA1FAE7E9}.Debug|Any CPU.ActiveCfg = Debug|Any CPU
		{35BA0D8E-12C4-4195-8535-B56BA1FAE7E9}.Debug|Any CPU.Build.0 = Debug|Any CPU
		{35BA0D8E-12C4-4195-8535-B56BA1FAE7E9}.Release|Any CPU.ActiveCfg = Release|Any CPU
		{35BA0D8E-12C4-4195-8535-B56BA1FAE7E9}.Release|Any CPU.Build.0 = Release|Any CPU
	EndGlobalSection
	GlobalSection(SolutionProperties) = preSolution
		HideSolutionNode = FALSE
	EndGlobalSection
	GlobalSection(ExtensibilityGlobals) = postSolution
		SolutionGuid = {F5D63D88-968C-42CA-9A4F-8C49B7969607}
	EndGlobalSection
EndGlobal
